
Microsoft Visual Studio Solution File, Format Version 12.00
# Visual Studio Version 17
VisualStudioVersion = 17.5.001.0
MinimumVisualStudioVersion = 10.0.40219.1
Project("{9A19103F-16F7-4668-BE54-9A1E7A4F7556}") = "chamaAi", "chamaAi.csproj", "{5CD6049E-482B-4057-8786-6FDA010B4D10}"
EndProject
Global
	GlobalSection(SolutionConfigurationPlatforms) = preSolution
		Debug|Any CPU = Debug|Any CPU
		Release|Any CPU = Release|Any CPU
	EndGlobalSection
	GlobalSection(ProjectConfigurationPlatforms) = postSolution
		{5CD6049E-482B-4057-8786-6FDA010B4D10}.Debug|Any CPU.ActiveCfg = Debug|Any CPU
		{5CD6049E-482B-4057-8786-6FDA010B4D10}.Debug|Any CPU.Build.0 = Debug|Any CPU
		{5CD6049E-482B-4057-8786-6FDA010B4D10}.Release|Any CPU.ActiveCfg = Release|Any CPU
		{5CD6049E-482B-4057-8786-6FDA010B4D10}.Release|Any CPU.Build.0 = Release|Any CPU
	EndGlobalSection
	GlobalSection(SolutionProperties) = preSolution
		HideSolutionNode = FALSE
	EndGlobalSection
	GlobalSection(ExtensibilityGlobals) = postSolution
		SolutionGuid = {CFA0C474-1DE1-4D1D-B8E9-2F74C54A00AF}
	EndGlobalSection
EndGlobal
